# THIS IS AN AUTOGENERATED FILE. DO NOT EDIT THIS FILE DIRECTLY.
# yarn lockfile v1


ajv@^4.9.1:
  version "4.11.8"
  resolved "https://registry.yarnpkg.com/ajv/-/ajv-4.11.8.tgz#82ffb02b29e662ae53bdc20af15947706739c536"
  dependencies:
    co "^4.6.0"
    json-stable-stringify "^1.0.1"

ambi@^2.2.0, ambi@^2.5.0:
  version "2.5.0"
  resolved "https://registry.yarnpkg.com/ambi/-/ambi-2.5.0.tgz#7c8e372be48891157e7cea01cb6f9143d1f74220"
  dependencies:
    editions "^1.1.1"
    typechecker "^4.3.0"

amdefine@>=0.0.4:
  version "1.0.1"
  resolved "https://registry.yarnpkg.com/amdefine/-/amdefine-1.0.1.tgz#4a5282ac164729e93619bcfd3ad151f817ce91f5"

argparse@^1.0.7:
  version "1.0.10"
  resolved "https://registry.yarnpkg.com/argparse/-/argparse-1.0.10.tgz#bcd6791ea5ae09725e17e5ad988134cd40b3d911"
  dependencies:
    sprintf-js "~1.0.2"

asap@~2.0.3:
  version "2.0.6"
  resolved "https://registry.yarnpkg.com/asap/-/asap-2.0.6.tgz#e50347611d7e690943208bbdafebcbc2fb866d46"

asn1@~0.2.3:
  version "0.2.3"
  resolved "https://registry.yarnpkg.com/asn1/-/asn1-0.2.3.tgz#dac8787713c9966849fc8180777ebe9c1ddf3b86"

assert-plus@1.0.0, assert-plus@^1.0.0:
  version "1.0.0"
  resolved "https://registry.yarnpkg.com/assert-plus/-/assert-plus-1.0.0.tgz#f12e0f3c5d77b0b1cdd9146942e4e96c1e4dd525"

assert-plus@^0.2.0:
  version "0.2.0"
  resolved "https://registry.yarnpkg.com/assert-plus/-/assert-plus-0.2.0.tgz#d74e1b87e7affc0db8aadb7021f3fe48101ab234"

async@^1.4.0:
  version "1.5.2"
  resolved "https://registry.yarnpkg.com/async/-/async-1.5.2.tgz#ec6a61ae56480c0c3cb241c95618e20892f9672a"

asynckit@^0.4.0:
  version "0.4.0"
  resolved "https://registry.yarnpkg.com/asynckit/-/asynckit-0.4.0.tgz#c79ed97f7f34cb8f2ba1bc9790bcc366474b4b79"

atob@~1.1.0:
  version "1.1.3"
  resolved "https://registry.yarnpkg.com/atob/-/atob-1.1.3.tgz#95f13629b12c3a51a5d215abdce2aa9f32f80773"

aws-sign2@~0.6.0:
  version "0.6.0"
  resolved "https://registry.yarnpkg.com/aws-sign2/-/aws-sign2-0.6.0.tgz#14342dd38dbcc94d0e5b87d763cd63612c0e794f"

aws4@^1.2.1:
  version "1.7.0"
  resolved "https://registry.yarnpkg.com/aws4/-/aws4-1.7.0.tgz#d4d0e9b9dbfca77bf08eeb0a8a471550fe39e289"

bcrypt-pbkdf@^1.0.0:
  version "1.0.1"
  resolved "https://registry.yarnpkg.com/bcrypt-pbkdf/-/bcrypt-pbkdf-1.0.1.tgz#63bc5dcb61331b92bc05fd528953c33462a06f8d"
  dependencies:
    tweetnacl "^0.14.3"

boom@2.x.x:
  version "2.10.1"
  resolved "https://registry.yarnpkg.com/boom/-/boom-2.10.1.tgz#39c8918ceff5799f83f9492a848f625add0c766f"
  dependencies:
    hoek "2.x.x"

caseless@~0.12.0:
  version "0.12.0"
  resolved "https://registry.yarnpkg.com/caseless/-/caseless-0.12.0.tgz#1b681c21ff84033c826543090689420d187151dc"

co@^4.6.0:
  version "4.6.0"
  resolved "https://registry.yarnpkg.com/co/-/co-4.6.0.tgz#6ea6bdf3d853ae54ccb8e47bfa0bf3f9031fb184"

combined-stream@^1.0.5, combined-stream@~1.0.5:
  version "1.0.6"
  resolved "https://registry.yarnpkg.com/combined-stream/-/combined-stream-1.0.6.tgz#723e7df6e801ac5613113a7e445a9b69cb632818"
  dependencies:
    delayed-stream "~1.0.0"

commander@^2.9.0:
  version "2.15.1"
  resolved "https://registry.yarnpkg.com/commander/-/commander-2.15.1.tgz#df46e867d0fc2aec66a34662b406a9ccafff5b0f"

commander@~2.9.0:
  version "2.9.0"
  resolved "https://registry.yarnpkg.com/commander/-/commander-2.9.0.tgz#9c99094176e12240cb22d6c5146098400fe0f7d4"
  dependencies:
    graceful-readlink ">= 1.0.0"

core-util-is@1.0.2:
  version "1.0.2"
  resolved "https://registry.yarnpkg.com/core-util-is/-/core-util-is-1.0.2.tgz#b5fd54220aa2bc5ab57aab7140c940754503c1a7"

cryptiles@2.x.x:
  version "2.0.5"
  resolved "https://registry.yarnpkg.com/cryptiles/-/cryptiles-2.0.5.tgz#3bdfecdc608147c1c67202fa291e7dca59eaa3b8"
  dependencies:
    boom "2.x.x"

csextends@^1.0.3:
  version "1.2.0"
  resolved "https://registry.yarnpkg.com/csextends/-/csextends-1.2.0.tgz#6374b210984b54d4495f29c99d3dd069b80543e5"

css@^2.2.1:
  version "2.2.1"
  resolved "https://registry.yarnpkg.com/css/-/css-2.2.1.tgz#73a4c81de85db664d4ee674f7d47085e3b2d55dc"
  dependencies:
    inherits "^2.0.1"
    source-map "^0.1.38"
    source-map-resolve "^0.3.0"
    urix "^0.1.0"

dashdash@^1.12.0:
  version "1.14.1"
  resolved "https://registry.yarnpkg.com/dashdash/-/dashdash-1.14.1.tgz#853cfa0f7cbe2fed5de20326b8dd581035f6e2f0"
  dependencies:
    assert-plus "^1.0.0"

delayed-stream@~1.0.0:
  version "1.0.0"
  resolved "https://registry.yarnpkg.com/delayed-stream/-/delayed-stream-1.0.0.tgz#df3ae199acadfb7d440aaae0b29e2272b24ec619"

docker@^1.0.0:
  version "1.0.0"
  resolved "https://registry.yarnpkg.com/docker/-/docker-1.0.0.tgz#a4dca1f27475fcc3b02d50245e1da7edd717e57b"
  dependencies:
    async "^1.4.0"
    commander "^2.9.0"
    css "^2.2.1"
    dox "^0.8.0"
    ejs "^2.3.3"
    extend "^3.0.0"
    highlight.js "^9.3.0"
    less "^2.5.1"
    markdown-it "^6.0.1"
    mkdirp "^0.5.1"
    repeating "^2.0.1"
    strip-indent "^2.0.0"
    toc "^0.4.0"
    watchr "^2.4.13"

dox@^0.8.0:
  version "0.8.1"
  resolved "https://registry.yarnpkg.com/dox/-/dox-0.8.1.tgz#d7ade34333691bb90d7886055becf49f92afd06f"
  dependencies:
    commander "~2.9.0"
    jsdoctypeparser "^1.2.0"
    marked "~0.3.5"

eachr@^3.2.0:
  version "3.2.0"
  resolved "https://registry.yarnpkg.com/eachr/-/eachr-3.2.0.tgz#2c35e43ea086516f7997cf80b7aa64d55a4a4484"
  dependencies:
    editions "^1.1.1"
    typechecker "^4.3.0"

ecc-jsbn@~0.1.1:
  version "0.1.1"
  resolved "https://registry.yarnpkg.com/ecc-jsbn/-/ecc-jsbn-0.1.1.tgz#0fc73a9ed5f0d53c38193398523ef7e543777505"
  dependencies:
    jsbn "~0.1.0"

editions@^1.1.1, editions@^1.3.3, editions@^1.3.4:
  version "1.3.4"
  resolved "https://registry.yarnpkg.com/editions/-/editions-1.3.4.tgz#3662cb592347c3168eb8e498a0ff73271d67f50b"

ejs@^2.3.3:
  version "2.5.8"
  resolved "https://registry.yarnpkg.com/ejs/-/ejs-2.5.8.tgz#2ab6954619f225e6193b7ac5f7c39c48fefe4380"

entities@~0.5.0:
  version "0.5.0"
  resolved "https://registry.yarnpkg.com/entities/-/entities-0.5.0.tgz#f611cb5ae221050e0012c66979503fd7ae19cc49"

entities@~1.1.1:
  version "1.1.1"
  resolved "https://registry.yarnpkg.com/entities/-/entities-1.1.1.tgz#6e5c2d0a5621b5dadaecef80b90edfb5cd7772f0"

errno@^0.1.1:
  version "0.1.7"
  resolved "https://registry.yarnpkg.com/errno/-/errno-0.1.7.tgz#4684d71779ad39af177e3f007996f7c67c852618"
  dependencies:
    prr "~1.0.1"

extend@^3.0.0, extend@~3.0.0:
  version "3.0.1"
  resolved "https://registry.yarnpkg.com/extend/-/extend-3.0.1.tgz#a755ea7bc1adfcc5a31ce7e762dbaadc5e636444"

extendr@^3.2.0, extendr@^3.2.2:
  version "3.3.1"
  resolved "https://registry.yarnpkg.com/extendr/-/extendr-3.3.1.tgz#be3b69ccfeefa999bec5ccfb30f3f9aa76178d6c"
  dependencies:
    editions "^1.3.3"
    typechecker "^4.4.1"

extract-opts@^3.3.1:
  version "3.3.1"
  resolved "https://registry.yarnpkg.com/extract-opts/-/extract-opts-3.3.1.tgz#5abbedc98c0d5202e3278727f9192d7e086c6be1"
  dependencies:
    eachr "^3.2.0"
    editions "^1.1.1"
    typechecker "^4.3.0"

extsprintf@1.3.0, extsprintf@^1.2.0:
  version "1.3.0"
  resolved "https://registry.yarnpkg.com/extsprintf/-/extsprintf-1.3.0.tgz#96918440e3041a7a414f8c52e3c574eb3c3e1e05"

forever-agent@~0.6.1:
  version "0.6.1"
  resolved "https://registry.yarnpkg.com/forever-agent/-/forever-agent-0.6.1.tgz#fbc71f0c41adeb37f96c577ad1ed42d8fdacca91"

form-data@~2.1.1:
  version "2.1.4"
  resolved "https://registry.yarnpkg.com/form-data/-/form-data-2.1.4.tgz#33c183acf193276ecaa98143a69e94bfee1750d1"
  dependencies:
    asynckit "^0.4.0"
    combined-stream "^1.0.5"
    mime-types "^2.1.12"

getpass@^0.1.1:
  version "0.1.7"
  resolved "https://registry.yarnpkg.com/getpass/-/getpass-0.1.7.tgz#5eff8e3e684d569ae4cb2b1282604e8ba62149fa"
  dependencies:
    assert-plus "^1.0.0"

graceful-fs@*, graceful-fs@^4.1.2, graceful-fs@^4.1.4:
  version "4.1.11"
  resolved "https://registry.yarnpkg.com/graceful-fs/-/graceful-fs-4.1.11.tgz#0e8bdfe4d1ddb8854d64e04ea7c00e2a026e5658"

"graceful-readlink@>= 1.0.0":
  version "1.0.1"
  resolved "https://registry.yarnpkg.com/graceful-readlink/-/graceful-readlink-1.0.1.tgz#4cafad76bc62f02fa039b2f94e9a3dd3a391a725"

har-schema@^1.0.5:
  version "1.0.5"
  resolved "https://registry.yarnpkg.com/har-schema/-/har-schema-1.0.5.tgz#d263135f43307c02c602afc8fe95970c0151369e"

har-validator@~4.2.1:
  version "4.2.1"
  resolved "https://registry.yarnpkg.com/har-validator/-/har-validator-4.2.1.tgz#33481d0f1bbff600dd203d75812a6a5fba002e2a"
  dependencies:
    ajv "^4.9.1"
    har-schema "^1.0.5"

hawk@~3.1.3:
  version "3.1.3"
  resolved "https://registry.yarnpkg.com/hawk/-/hawk-3.1.3.tgz#078444bd7c1640b0fe540d2c9b73d59678e8e1c4"
  dependencies:
    boom "2.x.x"
    cryptiles "2.x.x"
    hoek "2.x.x"
    sntp "1.x.x"

highlight.js@^9.3.0:
  version "9.12.0"
  resolved "https://registry.yarnpkg.com/highlight.js/-/highlight.js-9.12.0.tgz#e6d9dbe57cbefe60751f02af336195870c90c01e"

hoek@2.x.x:
  version "2.16.3"
  resolved "https://registry.yarnpkg.com/hoek/-/hoek-2.16.3.tgz#20bb7403d3cea398e91dc4710a8ff1b8274a25ed"

http-signature@~1.1.0:
  version "1.1.1"
  resolved "https://registry.yarnpkg.com/http-signature/-/http-signature-1.1.1.tgz#df72e267066cd0ac67fb76adf8e134a8fbcf91bf"
  dependencies:
    assert-plus "^0.2.0"
    jsprim "^1.2.2"
    sshpk "^1.7.0"

ignorefs@^1.0.0, ignorefs@^1.1.1:
  version "1.2.0"
  resolved "https://registry.yarnpkg.com/ignorefs/-/ignorefs-1.2.0.tgz#da59fb858976e4a5e43702ccd1f282fdbc9e5756"
  dependencies:
    editions "^1.3.3"
    ignorepatterns "^1.1.0"

ignorepatterns@^1.1.0:
  version "1.1.0"
  resolved "https://registry.yarnpkg.com/ignorepatterns/-/ignorepatterns-1.1.0.tgz#ac8f436f2239b5dfb66d5f0d3a904a87ac67cc5e"

image-size@~0.5.0:
  version "0.5.5"
  resolved "https://registry.yarnpkg.com/image-size/-/image-size-0.5.5.tgz#09dfd4ab9d20e29eb1c3e80b8990378df9e3cb9c"

inherits@^2.0.1:
  version "2.0.3"
  resolved "https://registry.yarnpkg.com/inherits/-/inherits-2.0.3.tgz#633c2c83e3da42a502f52466022480f4208261de"

is-finite@^1.0.0:
  version "1.0.2"
  resolved "https://registry.yarnpkg.com/is-finite/-/is-finite-1.0.2.tgz#cc6677695602be550ef11e8b4aa6305342b6d0aa"
  dependencies:
    number-is-nan "^1.0.0"

is-typedarray@~1.0.0:
  version "1.0.0"
  resolved "https://registry.yarnpkg.com/is-typedarray/-/is-typedarray-1.0.0.tgz#e479c80858df0c1b11ddda6940f96011fcda4a9a"

isstream@~0.1.2:
  version "0.1.2"
  resolved "https://registry.yarnpkg.com/isstream/-/isstream-0.1.2.tgz#47e63f7af55afa6f92e1500e690eb8b8529c099a"

jsbn@~0.1.0:
  version "0.1.1"
  resolved "https://registry.yarnpkg.com/jsbn/-/jsbn-0.1.1.tgz#a5e654c2e5a2deb5f201d96cefbca80c0ef2f513"

jsdoctypeparser@^1.2.0:
  version "1.2.0"
  resolved "https://registry.yarnpkg.com/jsdoctypeparser/-/jsdoctypeparser-1.2.0.tgz#e7dedc153a11849ffc5141144ae86a7ef0c25392"
  dependencies:
    lodash "^3.7.0"

json-schema@0.2.3:
  version "0.2.3"
  resolved "https://registry.yarnpkg.com/json-schema/-/json-schema-0.2.3.tgz#b480c892e59a2f05954ce727bd3f2a4e882f9e13"

json-stable-stringify@^1.0.1:
  version "1.0.1"
  resolved "https://registry.yarnpkg.com/json-stable-stringify/-/json-stable-stringify-1.0.1.tgz#9a759d39c5f2ff503fd5300646ed445f88c4f9af"
  dependencies:
    jsonify "~0.0.0"

json-stringify-safe@~5.0.1:
  version "5.0.1"
  resolved "https://registry.yarnpkg.com/json-stringify-safe/-/json-stringify-safe-5.0.1.tgz#1296a2d58fd45f19a0f6ce01d65701e2c735b6eb"

jsonify@~0.0.0:
  version "0.0.0"
  resolved "https://registry.yarnpkg.com/jsonify/-/jsonify-0.0.0.tgz#2c74b6ee41d93ca51b7b5aaee8f503631d252a73"

jsprim@^1.2.2:
  version "1.4.1"
  resolved "https://registry.yarnpkg.com/jsprim/-/jsprim-1.4.1.tgz#313e66bc1e5cc06e438bc1b7499c2e5c56acb6a2"
  dependencies:
    assert-plus "1.0.0"
    extsprintf "1.3.0"
    json-schema "0.2.3"
    verror "1.10.0"

less@^2.5.1:
  version "2.7.3"
  resolved "https://registry.yarnpkg.com/less/-/less-2.7.3.tgz#cc1260f51c900a9ec0d91fb6998139e02507b63b"
  optionalDependencies:
    errno "^0.1.1"
    graceful-fs "^4.1.2"
    image-size "~0.5.0"
    mime "^1.2.11"
    mkdirp "^0.5.0"
    promise "^7.1.1"
    request "2.81.0"
    source-map "^0.5.3"

linkify-it@~1.2.2:
  version "1.2.4"
  resolved "https://registry.yarnpkg.com/linkify-it/-/linkify-it-1.2.4.tgz#0773526c317c8fd13bd534ee1d180ff88abf881a"
  dependencies:
    uc.micro "^1.0.1"

lodash@^3.7.0:
  version "3.10.1"
  resolved "https://registry.yarnpkg.com/lodash/-/lodash-3.10.1.tgz#5bf45e8e49ba4189e17d482789dfd15bd140b7b6"

lodash@~2.4.1:
  version "2.4.2"
  resolved "https://registry.yarnpkg.com/lodash/-/lodash-2.4.2.tgz#fadd834b9683073da179b3eae6d9c0d15053f73e"

markdown-it@^6.0.1:
  version "6.1.1"
  resolved "https://registry.yarnpkg.com/markdown-it/-/markdown-it-6.1.1.tgz#ced037f4473ee9f5153ac414f77dc83c91ba927c"
  dependencies:
    argparse "^1.0.7"
    entities "~1.1.1"
    linkify-it "~1.2.2"
    mdurl "~1.0.1"
    uc.micro "^1.0.1"

marked@~0.3.5:
  version "0.3.19"
  resolved "https://registry.yarnpkg.com/marked/-/marked-0.3.19.tgz#5d47f709c4c9fc3c216b6d46127280f40b39d790"

mdurl@~1.0.1:
  version "1.0.1"
  resolved "https://registry.yarnpkg.com/mdurl/-/mdurl-1.0.1.tgz#fe85b2ec75a59037f2adfec100fd6c601761152e"

mime-db@~1.33.0:
  version "1.33.0"
  resolved "https://registry.yarnpkg.com/mime-db/-/mime-db-1.33.0.tgz#a3492050a5cb9b63450541e39d9788d2272783db"

mime-types@^2.1.12, mime-types@~2.1.7:
  version "2.1.18"
  resolved "https://registry.yarnpkg.com/mime-types/-/mime-types-2.1.18.tgz#6f323f60a83d11146f831ff11fd66e2fe5503bb8"
  dependencies:
    mime-db "~1.33.0"

mime@^1.2.11:
  version "1.6.0"
  resolved "https://registry.yarnpkg.com/mime/-/mime-1.6.0.tgz#32cd9e5c64553bd58d19a568af452acff04981b1"

minimist@0.0.8:
  version "0.0.8"
  resolved "https://registry.yarnpkg.com/minimist/-/minimist-0.0.8.tgz#857fcabfc3397d2625b8228262e86aa7a011b05d"

mkdirp@^0.5.0, mkdirp@^0.5.1:
  version "0.5.1"
  resolved "https://registry.yarnpkg.com/mkdirp/-/mkdirp-0.5.1.tgz#30057438eac6cf7f8c4767f38648d6697d75c903"
  dependencies:
    minimist "0.0.8"

number-is-nan@^1.0.0:
  version "1.0.1"
  resolved "https://registry.yarnpkg.com/number-is-nan/-/number-is-nan-1.0.1.tgz#097b602b53422a522c1afb8790318336941a011d"

oauth-sign@~0.8.1:
  version "0.8.2"
  resolved "https://registry.yarnpkg.com/oauth-sign/-/oauth-sign-0.8.2.tgz#46a6ab7f0aead8deae9ec0565780b7d4efeb9d43"

performance-now@^0.2.0:
  version "0.2.0"
  resolved "https://registry.yarnpkg.com/performance-now/-/performance-now-0.2.0.tgz#33ef30c5c77d4ea21c5a53869d91b56d8f2555e5"

promise@^7.1.1:
  version "7.3.1"
  resolved "https://registry.yarnpkg.com/promise/-/promise-7.3.1.tgz#064b72602b18f90f29192b8b1bc418ffd1ebd3bf"
  dependencies:
    asap "~2.0.3"

prr@~1.0.1:
  version "1.0.1"
  resolved "https://registry.yarnpkg.com/prr/-/prr-1.0.1.tgz#d3fc114ba06995a45ec6893f484ceb1d78f5f476"

punycode@^1.4.1:
  version "1.4.1"
  resolved "https://registry.yarnpkg.com/punycode/-/punycode-1.4.1.tgz#c0d5a63b2718800ad8e1eb0fa5269c84dd41845e"

qs@~6.4.0:
  version "6.4.0"
  resolved "https://registry.yarnpkg.com/qs/-/qs-6.4.0.tgz#13e26d28ad6b0ffaa91312cd3bf708ed351e7233"

repeating@^2.0.1:
  version "2.0.1"
  resolved "https://registry.yarnpkg.com/repeating/-/repeating-2.0.1.tgz#5214c53a926d3552707527fbab415dbc08d06dda"
  dependencies:
    is-finite "^1.0.0"

request@2.81.0:
  version "2.81.0"
  resolved "https://registry.yarnpkg.com/request/-/request-2.81.0.tgz#c6928946a0e06c5f8d6f8a9333469ffda46298a0"
  dependencies:
    aws-sign2 "~0.6.0"
    aws4 "^1.2.1"
    caseless "~0.12.0"
    combined-stream "~1.0.5"
    extend "~3.0.0"
    forever-agent "~0.6.1"
    form-data "~2.1.1"
    har-validator "~4.2.1"
    hawk "~3.1.3"
    http-signature "~1.1.0"
    is-typedarray "~1.0.0"
    isstream "~0.1.2"
    json-stringify-safe "~5.0.1"
    mime-types "~2.1.7"
    oauth-sign "~0.8.1"
    performance-now "^0.2.0"
    qs "~6.4.0"
    safe-buffer "^5.0.1"
    stringstream "~0.0.4"
    tough-cookie "~2.3.0"
    tunnel-agent "^0.6.0"
    uuid "^3.0.0"

resolve-url@~0.2.1:
  version "0.2.1"
  resolved "https://registry.yarnpkg.com/resolve-url/-/resolve-url-0.2.1.tgz#2c637fe77c893afd2a663fe21aa9080068e2052a"

safe-buffer@^5.0.1:
  version "5.1.1"
  resolved "https://registry.yarnpkg.com/safe-buffer/-/safe-buffer-5.1.1.tgz#893312af69b2123def71f57889001671eeb2c853"

safefs@^3.1.2:
  version "3.2.2"
  resolved "https://registry.yarnpkg.com/safefs/-/safefs-3.2.2.tgz#8170c1444d7038e08caea05a374fae2fa349e15c"
  dependencies:
    graceful-fs "*"

safefs@^4.1.0:
  version "4.1.0"
  resolved "https://registry.yarnpkg.com/safefs/-/safefs-4.1.0.tgz#f82aeb4bdd7ae51f653eb20f6728b3058c8d6445"
  dependencies:
    editions "^1.1.1"
    graceful-fs "^4.1.4"

scandirectory@^2.5.0:
  version "2.5.0"
  resolved "https://registry.yarnpkg.com/scandirectory/-/scandirectory-2.5.0.tgz#6ce03f54a090b668e3cbedbf20edf9e310593e72"
  dependencies:
    ignorefs "^1.0.0"
    safefs "^3.1.2"
    taskgroup "^4.0.5"

slug@~0.4.2:
  version "0.4.2"
  resolved "https://registry.yarnpkg.com/slug/-/slug-0.4.2.tgz#5f3800efd39071b8d7d56a26423dfaaaace4c048"
  dependencies:
    unicode ">= 0.3.1"

sntp@1.x.x:
  version "1.0.9"
  resolved "https://registry.yarnpkg.com/sntp/-/sntp-1.0.9.tgz#6541184cc90aeea6c6e7b35e2659082443c66198"
  dependencies:
    hoek "2.x.x"

source-map-resolve@^0.3.0:
  version "0.3.1"
  resolved "https://registry.yarnpkg.com/source-map-resolve/-/source-map-resolve-0.3.1.tgz#610f6122a445b8dd51535a2a71b783dfc1248761"
  dependencies:
    atob "~1.1.0"
    resolve-url "~0.2.1"
    source-map-url "~0.3.0"
    urix "~0.1.0"

source-map-url@~0.3.0:
  version "0.3.0"
  resolved "https://registry.yarnpkg.com/source-map-url/-/source-map-url-0.3.0.tgz#7ecaf13b57bcd09da8a40c5d269db33799d4aaf9"

source-map@^0.1.38:
  version "0.1.43"
  resolved "https://registry.yarnpkg.com/source-map/-/source-map-0.1.43.tgz#c24bc146ca517c1471f5dacbe2571b2b7f9e3346"
  dependencies:
    amdefine ">=0.0.4"

source-map@^0.5.3:
  version "0.5.7"
  resolved "https://registry.yarnpkg.com/source-map/-/source-map-0.5.7.tgz#8a039d2d1021d22d1ea14c80d8ea468ba2ef3fcc"

sprintf-js@~1.0.2:
  version "1.0.3"
  resolved "https://registry.yarnpkg.com/sprintf-js/-/sprintf-js-1.0.3.tgz#04e6926f662895354f3dd015203633b857297e2c"

sshpk@^1.7.0:
  version "1.14.1"
  resolved "https://registry.yarnpkg.com/sshpk/-/sshpk-1.14.1.tgz#130f5975eddad963f1d56f92b9ac6c51fa9f83eb"
  dependencies:
    asn1 "~0.2.3"
    assert-plus "^1.0.0"
    dashdash "^1.12.0"
    getpass "^0.1.1"
  optionalDependencies:
    bcrypt-pbkdf "^1.0.0"
    ecc-jsbn "~0.1.1"
    jsbn "~0.1.0"
    tweetnacl "~0.14.0"

stringstream@~0.0.4:
  version "0.0.5"
  resolved "https://registry.yarnpkg.com/stringstream/-/stringstream-0.0.5.tgz#4e484cd4de5a0bbbee18e46307710a8a81621878"

strip-indent@^2.0.0:
  version "2.0.0"
  resolved "https://registry.yarnpkg.com/strip-indent/-/strip-indent-2.0.0.tgz#5ef8db295d01e6ed6cbf7aab96998d7822527b68"

taskgroup@^4.0.5:
  version "4.3.1"
  resolved "https://registry.yarnpkg.com/taskgroup/-/taskgroup-4.3.1.tgz#7de193febd768273c457730497024d512c27915a"
  dependencies:
    ambi "^2.2.0"
    csextends "^1.0.3"

taskgroup@^5.0.1:
  version "5.0.1"
  resolved "https://registry.yarnpkg.com/taskgroup/-/taskgroup-5.0.1.tgz#08736c9b24683b1434774231eb4b73aa7c3f79b5"
  dependencies:
    ambi "^2.5.0"
    eachr "^3.2.0"
    editions "^1.1.1"
    extendr "^3.2.0"

toc@^0.4.0:
  version "0.4.0"
  resolved "https://registry.yarnpkg.com/toc/-/toc-0.4.0.tgz#deac71c8d7ce07c51491aaa3367226a013e9bf61"
  dependencies:
    entities "~0.5.0"
    lodash "~2.4.1"
    slug "~0.4.2"

tough-cookie@~2.3.0:
  version "2.3.4"
  resolved "https://registry.yarnpkg.com/tough-cookie/-/tough-cookie-2.3.4.tgz#ec60cee38ac675063ffc97a5c18970578ee83655"
  dependencies:
    punycode "^1.4.1"

tunnel-agent@^0.6.0:
  version "0.6.0"
  resolved "https://registry.yarnpkg.com/tunnel-agent/-/tunnel-agent-0.6.0.tgz#27a5dea06b36b04a0a9966774b290868f0fc40fd"
  dependencies:
    safe-buffer "^5.0.1"

tweetnacl@^0.14.3, tweetnacl@~0.14.0:
  version "0.14.5"
  resolved "https://registry.yarnpkg.com/tweetnacl/-/tweetnacl-0.14.5.tgz#5ae68177f192d4456269d108afa93ff8743f4f64"

typechecker@^4.3.0, typechecker@^4.4.1:
  version "4.5.0"
  resolved "https://registry.yarnpkg.com/typechecker/-/typechecker-4.5.0.tgz#c382920097812364bbaf4595b0ab6588244117a6"
  dependencies:
    editions "^1.3.4"

uc.micro@^1.0.1:
  version "1.0.5"
  resolved "https://registry.yarnpkg.com/uc.micro/-/uc.micro-1.0.5.tgz#0c65f15f815aa08b560a61ce8b4db7ffc3f45376"

"unicode@>= 0.3.1":
  version "10.0.0"
  resolved "https://registry.yarnpkg.com/unicode/-/unicode-10.0.0.tgz#e5d51c1db93b6c71a0b879e0b0c4af7e6fdf688e"

urix@^0.1.0, urix@~0.1.0:
  version "0.1.0"
  resolved "https://registry.yarnpkg.com/urix/-/urix-0.1.0.tgz#da937f7a62e21fec1fd18d49b35c2935067a6c72"

uuid@^3.0.0:
  version "3.2.1"
  resolved "https://registry.yarnpkg.com/uuid/-/uuid-3.2.1.tgz#12c528bb9d58d0b9265d9a2f6f0fe8be17ff1f14"

verror@1.10.0:
  version "1.10.0"
  resolved "https://registry.yarnpkg.com/verror/-/verror-1.10.0.tgz#3a105ca17053af55d6e270c1f8288682e18da400"
  dependencies:
    assert-plus "^1.0.0"
    core-util-is "1.0.2"
    extsprintf "^1.2.0"

watchr@^2.4.13:
  version "2.6.0"
  resolved "https://registry.yarnpkg.com/watchr/-/watchr-2.6.0.tgz#e75c423b10be79267a0c3ef76e2ea104fe0267a5"
  dependencies:
    eachr "^3.2.0"
    extendr "^3.2.2"
    extract-opts "^3.3.1"
    ignorefs "^1.1.1"
    safefs "^4.1.0"
    scandirectory "^2.5.0"
    taskgroup "^5.0.1"
    typechecker "^4.3.0"
